
Microsoft Visual Studio Solution File, Format Version 12.00
# Visual Studio Version 17
VisualStudioVersion = 17.11.35312.102
MinimumVisualStudioVersion = 10.0.40219.1
Project("{FAE04EC0-301F-11D3-BF4B-00C04F79EFBC}") = "Final", "Final\Final.csproj", "{AF5426EB-908E-4D9F-84D2-4BC7E861E651}"
EndProject
Project("{FAE04EC0-301F-11D3-BF4B-00C04F79EFBC}") = "DAL", "DAL\DAL.csproj", "{BE40B666-5BCE-40C7-8B84-BD9D05CC914F}"
EndProject
Project("{FAE04EC0-301F-11D3-BF4B-00C04F79EFBC}") = "BLL", "BLL\BLL.csproj", "{9B1088C8-6271-4061-904E-878358D5C26D}"
EndProject
Global
	GlobalSection(SolutionConfigurationPlatforms) = preSolution
		Debug|Any CPU = Debug|Any CPU
		Release|Any CPU = Release|Any CPU
	EndGlobalSection
	GlobalSection(ProjectConfigurationPlatforms) = postSolution
		{AF5426EB-908E-4D9F-84D2-4BC7E861E651}.Debug|Any CPU.ActiveCfg = Debug|Any CPU
		{AF5426EB-908E-4D9F-84D2-4BC7E861E651}.Debug|Any CPU.Build.0 = Debug|Any CPU
		{AF5426EB-908E-4D9F-84D2-4BC7E861E651}.Release|Any CPU.ActiveCfg = Release|Any CPU
		{AF5426EB-908E-4D9F-84D2-4BC7E861E651}.Release|Any CPU.Build.0 = Release|Any CPU
		{BE40B666-5BCE-40C7-8B84-BD9D05CC914F}.Debug|Any CPU.ActiveCfg = Debug|Any CPU
		{BE40B666-5BCE-40C7-8B84-BD9D05CC914F}.Debug|Any CPU.Build.0 = Debug|Any CPU
		{BE40B666-5BCE-40C7-8B84-BD9D05CC914F}.Release|Any CPU.ActiveCfg = Release|Any CPU
		{BE40B666-5BCE-40C7-8B84-BD9D05CC914F}.Release|Any CPU.Build.0 = Release|Any CPU
		{9B1088C8-6271-4061-904E-878358D5C26D}.Debug|Any CPU.ActiveCfg = Debug|Any CPU
		{9B1088C8-6271-4061-904E-878358D5C26D}.Debug|Any CPU.Build.0 = Debug|Any CPU
		{9B1088C8-6271-4061-904E-878358D5C26D}.Release|Any CPU.ActiveCfg = Release|Any CPU
		{9B1088C8-6271-4061-904E-878358D5C26D}.Release|Any CPU.Build.0 = Release|Any CPU
	EndGlobalSection
	GlobalSection(SolutionProperties) = preSolution
		HideSolutionNode = FALSE
	EndGlobalSection
	GlobalSection(ExtensibilityGlobals) = postSolution
		SolutionGuid = {EB847B4E-E210-4732-AEC4-242378B4C0F5}
	EndGlobalSection
EndGlobal
